{
    "name": "com.telerik.monarch",
    "version": "1.0.0",
    "lockfileVersion": 1,
    "requires": true,
    "dependencies": {
        "cordova-plugin-jshybugger": {
            "version": "git+https://github.com/jsHybugger/cordova-plugin-jshybugger.git#f66ce434b03eb9ab07b09e10f2185a078ed76273"
        }
    }
}
